
Microsoft Visual Studio Solution File, Format Version 12.00
# Visual Studio 15
VisualStudioVersion = 15.0.28307.1082
MinimumVisualStudioVersion = 10.0.40219.1
Project("{FAE04EC0-301F-11D3-BF4B-00C04F79EFBC}") = "GE_Login_Patcher", "GE_Login_Patcher\GE_Login_Patcher.csproj", "{0D36F645-03F2-47C0-999F-4E7AF8702360}"
EndProject
Global
	GlobalSection(SolutionConfigurationPlatforms) = preSolution
		Debug|Any CPU = Debug|Any CPU
		Release|Any CPU = Release|Any CPU
	EndGlobalSection
	GlobalSection(ProjectConfigurationPlatforms) = postSolution
		{0D36F645-03F2-47C0-999F-4E7AF8702360}.Debug|Any CPU.ActiveCfg = Debug|Any CPU
		{0D36F645-03F2-47C0-999F-4E7AF8702360}.Debug|Any CPU.Build.0 = Debug|Any CPU
		{0D36F645-03F2-47C0-999F-4E7AF8702360}.Release|Any CPU.ActiveCfg = Release|Any CPU
		{0D36F645-03F2-47C0-999F-4E7AF8702360}.Release|Any CPU.Build.0 = Release|Any CPU
	EndGlobalSection
	GlobalSection(SolutionProperties) = preSolution
		HideSolutionNode = FALSE
	EndGlobalSection
	GlobalSection(ExtensibilityGlobals) = postSolution
		SolutionGuid = {CEB13919-6CEB-4B12-B958-F405BCAFB122}
	EndGlobalSection
EndGlobal
